PODS:
  - Flutter (1.0.0)
  - freerasp (1.0.0):
    - Flutter
  - permission_handler_apple (9.3.0):
    - Flutter
  - store_redirect (0.0.1):
    - Flutter

DEPENDENCIES:
  - Flutter (from `Flutter`)
  - freerasp (from `.symlinks/plugins/freerasp/ios`)
  - permission_handler_apple (from `.symlinks/plugins/permission_handler_apple/ios`)
  - store_redirect (from `.symlinks/plugins/store_redirect/ios`)

EXTERNAL SOURCES:
  Flutter:
    :path: Flutter
  freerasp:
    :path: ".symlinks/plugins/freerasp/ios"
  permission_handler_apple:
    :path: ".symlinks/plugins/permission_handler_apple/ios"
  store_redirect:
    :path: ".symlinks/plugins/store_redirect/ios"

SPEC CHECKSUMS:
  Flutter: cabc95a1d2626b1b06e7179b784ebcf0c0cde467
  freerasp: bb827d80b926abcfb8f4ca4ff4557c2fe4a5ae21
  permission_handler_apple: 9878588469a2b0d0fc1e048d9f43605f92e6cec2
  store_redirect: 2977747cf81689a39bd62c248c2deacb7a0d131e

PODFILE CHECKSUM: 741db8c62021a723beeeacc15649ad6485f2cfbf

COCOAPODS: 1.16.2
